<?xml version="1.0" encoding="utf-8"?>
<Project ToolsVersion="4.0" xmlns="http://schemas.microsoft.com/developer/msbuild/2003">
  <ItemGroup>
    <Filter Include="Исходные файлы">
      <UniqueIdentifier>{ae5760a4-1846-446a-9b88-d52293a81e1c}</UniqueIdentifier>
    </Filter>
    <Filter Include="Созданные файлы">
      <UniqueIdentifier>{2eceb958-dca8-477f-b236-0702ee590ca0}</UniqueIdentifier>
      <SourceControlFiles>False</SourceControlFiles>
    </Filter>
  </ItemGroup>
  <ItemGroup>
    <None Include="FileManagerServerps.def" />
  </ItemGroup>
  <ItemGroup>
    <ClCompile Include="FileManagerServer_i.c">
      <Filter>Созданные файлы</Filter>
    </ClCompile>
    <ClCompile Include="FileManagerServer_p.c">
      <Filter>Созданные файлы</Filter>
    </ClCompile>
    <ClCompile Include="dlldata.c">
      <Filter>Созданные файлы</Filter>
    </ClCompile>
  </ItemGroup>
</Project>