
Microsoft Visual Studio Solution File, Format Version 10.00
# Visual Studio 2008
Project("{8BC9CEB8-8B4A-11D0-8D11-00A0C91BC942}") = "19_11_2012MSK", "19_11_2012MSK.vcproj", "{F7788E7A-7995-4930-9154-0F00AAA922B8}"
EndProject
Global
	GlobalSection(SolutionConfigurationPlatforms) = preSolution
		Debug|Win32 = Debug|Win32
		Release|Win32 = Release|Win32
	EndGlobalSection
	GlobalSection(ProjectConfigurationPlatforms) = postSolution
		{F7788E7A-7995-4930-9154-0F00AAA922B8}.Debug|Win32.ActiveCfg = Debug|Win32
		{F7788E7A-7995-4930-9154-0F00AAA922B8}.Debug|Win32.Build.0 = Debug|Win32
		{F7788E7A-7995-4930-9154-0F00AAA922B8}.Release|Win32.ActiveCfg = Release|Win32
		{F7788E7A-7995-4930-9154-0F00AAA922B8}.Release|Win32.Build.0 = Release|Win32
	EndGlobalSection
	GlobalSection(SolutionProperties) = preSolution
		HideSolutionNode = FALSE
	EndGlobalSection
EndGlobal
